
Microsoft Visual Studio Solution File, Format Version 12.00
# Visual Studio Version 17
VisualStudioVersion = 17.8.34525.116
MinimumVisualStudioVersion = 10.0.40219.1
Project("{9A19103F-16F7-4668-BE54-9A1E7A4F7556}") = "Test_Console_EF", "Test_Console_EF\Test_Console_EF.csproj", "{E27E2617-28A1-4675-B12B-89430582C05E}"
EndProject
Project("{9A19103F-16F7-4668-BE54-9A1E7A4F7556}") = "Entities", "Entities\Entities.csproj", "{40BD34D7-3F07-410A-BC04-2A5B09E758C0}"
EndProject
Project("{9A19103F-16F7-4668-BE54-9A1E7A4F7556}") = "DbContextLib", "DbContextLib\DbContextLib.csproj", "{F94BEE1F-302F-4654-8D85-AD41E0BACD03}"
EndProject
Project("{9A19103F-16F7-4668-BE54-9A1E7A4F7556}") = "StubbedContextLib", "StubbedContextLib\StubbedContextLib.csproj", "{F1B4BCE5-8DE7-4EFB-8BC1-D7E04EA75302}"
EndProject
Project("{9A19103F-16F7-4668-BE54-9A1E7A4F7556}") = "API_DbDataManager", "API_DbDataManager\API_DbDataManager.csproj", "{FBA0CF18-7488-4088-A7C5-5D2071D19CCB}"
EndProject
Project("{9A19103F-16F7-4668-BE54-9A1E7A4F7556}") = "API_Services", "API_Services\API_Services.csproj", "{4FB7D286-B583-44BC-BB79-4AE3058AFEDE}"
EndProject
Project("{9A19103F-16F7-4668-BE54-9A1E7A4F7556}") = "API_Model", "API_Model\API_Model.csproj", "{F09B566E-8D25-4D70-B9F0-99E6969D4D1F}"
EndProject
Project("{9A19103F-16F7-4668-BE54-9A1E7A4F7556}") = "API_Mapping", "API_Mapping\API_Mapping.csproj", "{BECFAD2C-E442-4300-8121-5AE6610B92DF}"
EndProject
Project("{9A19103F-16F7-4668-BE54-9A1E7A4F7556}") = "Model", "Model\Model.csproj", "{96FDB5DE-6707-4856-94CD-EFAF0C7CEB4B}"
EndProject
Project("{9A19103F-16F7-4668-BE54-9A1E7A4F7556}") = "API", "API\API.csproj", "{6AACD337-70A0-429B-979C-1B1E004BF2E0}"
EndProject
Project("{FAE04EC0-301F-11D3-BF4B-00C04F79EFBC}") = "Unit_Test_EF", "Unit_Test_EF\Unit_Test_EF.csproj", "{C1982C7C-AE09-4E96-B1A9-B6ADE4097452}"
EndProject
Project("{FAE04EC0-301F-11D3-BF4B-00C04F79EFBC}") = "API_Unit_Test", "API_Unit_Test\API_Unit_Test.csproj", "{B3B9C0F5-98A3-438B-A22A-ECFF33DA8F23}"
EndProject
Project("{FAE04EC0-301F-11D3-BF4B-00C04F79EFBC}") = "API_Tests_Console", "API_Tests_Console\API_Tests_Console.csproj", "{EEB45245-5B65-4C99-A2B4-942991AE5F1A}"
EndProject
Global
	GlobalSection(SolutionConfigurationPlatforms) = preSolution
		Debug|Any CPU = Debug|Any CPU
		Release|Any CPU = Release|Any CPU
	EndGlobalSection
	GlobalSection(ProjectConfigurationPlatforms) = postSolution
		{E27E2617-28A1-4675-B12B-89430582C05E}.Debug|Any CPU.ActiveCfg = Debug|Any CPU
		{E27E2617-28A1-4675-B12B-89430582C05E}.Debug|Any CPU.Build.0 = Debug|Any CPU
		{E27E2617-28A1-4675-B12B-89430582C05E}.Release|Any CPU.ActiveCfg = Release|Any CPU
		{E27E2617-28A1-4675-B12B-89430582C05E}.Release|Any CPU.Build.0 = Release|Any CPU
		{40BD34D7-3F07-410A-BC04-2A5B09E758C0}.Debug|Any CPU.ActiveCfg = Debug|Any CPU
		{40BD34D7-3F07-410A-BC04-2A5B09E758C0}.Debug|Any CPU.Build.0 = Debug|Any CPU
		{40BD34D7-3F07-410A-BC04-2A5B09E758C0}.Release|Any CPU.ActiveCfg = Release|Any CPU
		{40BD34D7-3F07-410A-BC04-2A5B09E758C0}.Release|Any CPU.Build.0 = Release|Any CPU
		{F94BEE1F-302F-4654-8D85-AD41E0BACD03}.Debug|Any CPU.ActiveCfg = Debug|Any CPU
		{F94BEE1F-302F-4654-8D85-AD41E0BACD03}.Debug|Any CPU.Build.0 = Debug|Any CPU
		{F94BEE1F-302F-4654-8D85-AD41E0BACD03}.Release|Any CPU.ActiveCfg = Release|Any CPU
		{F94BEE1F-302F-4654-8D85-AD41E0BACD03}.Release|Any CPU.Build.0 = Release|Any CPU
		{F1B4BCE5-8DE7-4EFB-8BC1-D7E04EA75302}.Debug|Any CPU.ActiveCfg = Debug|Any CPU
		{F1B4BCE5-8DE7-4EFB-8BC1-D7E04EA75302}.Debug|Any CPU.Build.0 = Debug|Any CPU
		{F1B4BCE5-8DE7-4EFB-8BC1-D7E04EA75302}.Release|Any CPU.ActiveCfg = Release|Any CPU
		{F1B4BCE5-8DE7-4EFB-8BC1-D7E04EA75302}.Release|Any CPU.Build.0 = Release|Any CPU
		{FBA0CF18-7488-4088-A7C5-5D2071D19CCB}.Debug|Any CPU.ActiveCfg = Debug|Any CPU
		{FBA0CF18-7488-4088-A7C5-5D2071D19CCB}.Debug|Any CPU.Build.0 = Debug|Any CPU
		{FBA0CF18-7488-4088-A7C5-5D2071D19CCB}.Release|Any CPU.ActiveCfg = Release|Any CPU
		{FBA0CF18-7488-4088-A7C5-5D2071D19CCB}.Release|Any CPU.Build.0 = Release|Any CPU
		{4FB7D286-B583-44BC-BB79-4AE3058AFEDE}.Debug|Any CPU.ActiveCfg = Debug|Any CPU
		{4FB7D286-B583-44BC-BB79-4AE3058AFEDE}.Debug|Any CPU.Build.0 = Debug|Any CPU
		{4FB7D286-B583-44BC-BB79-4AE3058AFEDE}.Release|Any CPU.ActiveCfg = Release|Any CPU
		{4FB7D286-B583-44BC-BB79-4AE3058AFEDE}.Release|Any CPU.Build.0 = Release|Any CPU
		{F09B566E-8D25-4D70-B9F0-99E6969D4D1F}.Debug|Any CPU.ActiveCfg = Debug|Any CPU
		{F09B566E-8D25-4D70-B9F0-99E6969D4D1F}.Debug|Any CPU.Build.0 = Debug|Any CPU
		{F09B566E-8D25-4D70-B9F0-99E6969D4D1F}.Release|Any CPU.ActiveCfg = Release|Any CPU
		{F09B566E-8D25-4D70-B9F0-99E6969D4D1F}.Release|Any CPU.Build.0 = Release|Any CPU
		{BECFAD2C-E442-4300-8121-5AE6610B92DF}.Debug|Any CPU.ActiveCfg = Debug|Any CPU
		{BECFAD2C-E442-4300-8121-5AE6610B92DF}.Debug|Any CPU.Build.0 = Debug|Any CPU
		{BECFAD2C-E442-4300-8121-5AE6610B92DF}.Release|Any CPU.ActiveCfg = Release|Any CPU
		{BECFAD2C-E442-4300-8121-5AE6610B92DF}.Release|Any CPU.Build.0 = Release|Any CPU
		{96FDB5DE-6707-4856-94CD-EFAF0C7CEB4B}.Debug|Any CPU.ActiveCfg = Debug|Any CPU
		{96FDB5DE-6707-4856-94CD-EFAF0C7CEB4B}.Debug|Any CPU.Build.0 = Debug|Any CPU
		{96FDB5DE-6707-4856-94CD-EFAF0C7CEB4B}.Release|Any CPU.ActiveCfg = Release|Any CPU
		{96FDB5DE-6707-4856-94CD-EFAF0C7CEB4B}.Release|Any CPU.Build.0 = Release|Any CPU
		{6AACD337-70A0-429B-979C-1B1E004BF2E0}.Debug|Any CPU.ActiveCfg = Debug|Any CPU
		{6AACD337-70A0-429B-979C-1B1E004BF2E0}.Debug|Any CPU.Build.0 = Debug|Any CPU
		{6AACD337-70A0-429B-979C-1B1E004BF2E0}.Release|Any CPU.ActiveCfg = Release|Any CPU
		{6AACD337-70A0-429B-979C-1B1E004BF2E0}.Release|Any CPU.Build.0 = Release|Any CPU
		{C1982C7C-AE09-4E96-B1A9-B6ADE4097452}.Debug|Any CPU.ActiveCfg = Debug|Any CPU
		{C1982C7C-AE09-4E96-B1A9-B6ADE4097452}.Debug|Any CPU.Build.0 = Debug|Any CPU
		{C1982C7C-AE09-4E96-B1A9-B6ADE4097452}.Release|Any CPU.ActiveCfg = Release|Any CPU
		{C1982C7C-AE09-4E96-B1A9-B6ADE4097452}.Release|Any CPU.Build.0 = Release|Any CPU
		{B3B9C0F5-98A3-438B-A22A-ECFF33DA8F23}.Debug|Any CPU.ActiveCfg = Debug|Any CPU
		{B3B9C0F5-98A3-438B-A22A-ECFF33DA8F23}.Debug|Any CPU.Build.0 = Debug|Any CPU
		{B3B9C0F5-98A3-438B-A22A-ECFF33DA8F23}.Release|Any CPU.ActiveCfg = Release|Any CPU
		{B3B9C0F5-98A3-438B-A22A-ECFF33DA8F23}.Release|Any CPU.Build.0 = Release|Any CPU
		{EEB45245-5B65-4C99-A2B4-942991AE5F1A}.Debug|Any CPU.ActiveCfg = Debug|Any CPU
		{EEB45245-5B65-4C99-A2B4-942991AE5F1A}.Debug|Any CPU.Build.0 = Debug|Any CPU
		{EEB45245-5B65-4C99-A2B4-942991AE5F1A}.Release|Any CPU.ActiveCfg = Release|Any CPU
		{EEB45245-5B65-4C99-A2B4-942991AE5F1A}.Release|Any CPU.Build.0 = Release|Any CPU
	EndGlobalSection
	GlobalSection(SolutionProperties) = preSolution
		HideSolutionNode = FALSE
	EndGlobalSection
EndGlobal
